// !$*UTF8*$!
{
	archiveVersion = 1;
	classes = {
	};
	objectVersion = 50;
	objects = {

/* Begin PBXBuildFile section */
		F3A0AFBE24163F8700820395 /* Bill.storyboard in Resources */ = {isa = PBXBuildFile; fileRef = F3A0AFBD24163F8700820395 /* Bill.storyboard */; };
		F3A0AFC024163F9200820395 /* Bus.storyboard in Resources */ = {isa = PBXBuildFile; fileRef = F3A0AFBF24163F9200820395 /* Bus.storyboard */; };
		F3A0AFC224163FA300820395 /* Flight.storyboard in Resources */ = {isa = PBXBuildFile; fileRef = F3A0AFC124163FA300820395 /* Flight.storyboard */; };
		F3A0AFD42416424700820395 /* AppCoordinator.swift in Sources */ = {isa = PBXBuildFile; fileRef = F3A0AFD32416424700820395 /* AppCoordinator.swift */; };
		F3C15A6524137E060035AF70 /* AppDelegate.swift in Sources */ = {isa = PBXBuildFile; fileRef = F3C15A6424137E060035AF70 /* AppDelegate.swift */; };
		F3C15A6924137E060035AF70 /* HomeVC.swift in Sources */ = {isa = PBXBuildFile; fileRef = F3C15A6824137E060035AF70 /* HomeVC.swift */; };
		F3C15A6C24137E060035AF70 /* Home.storyboard in Resources */ = {isa = PBXBuildFile; fileRef = F3C15A6A24137E060035AF70 /* Home.storyboard */; };
		F3C15A6E24137E080035AF70 /* Assets.xcassets in Resources */ = {isa = PBXBuildFile; fileRef = F3C15A6D24137E080035AF70 /* Assets.xcassets */; };
		F3C15A7124137E080035AF70 /* LaunchScreen.storyboard in Resources */ = {isa = PBXBuildFile; fileRef = F3C15A6F24137E080035AF70 /* LaunchScreen.storyboard */; };
		F3C15A79241380B10035AF70 /* Coordinator.swift in Sources */ = {isa = PBXBuildFile; fileRef = F3C15A78241380B10035AF70 /* Coordinator.swift */; };
		F3C15A7B241381330035AF70 /* ViewContollerLoadable.swift in Sources */ = {isa = PBXBuildFile; fileRef = F3C15A7A241381330035AF70 /* ViewContollerLoadable.swift */; };
		F3FF42A92416489C006E091C /* StoryboardNames.swift in Sources */ = {isa = PBXBuildFile; fileRef = F3FF42A82416489C006E091C /* StoryboardNames.swift */; };
		F3FF42AB24164E17006E091C /* BillVC.swift in Sources */ = {isa = PBXBuildFile; fileRef = F3FF42AA24164E17006E091C /* BillVC.swift */; };
		F3FF42AD24164E2C006E091C /* BusVC.swift in Sources */ = {isa = PBXBuildFile; fileRef = F3FF42AC24164E2C006E091C /* BusVC.swift */; };
		F3FF42AF24164E3E006E091C /* FlightVC.swift in Sources */ = {isa = PBXBuildFile; fileRef = F3FF42AE24164E3E006E091C /* FlightVC.swift */; };
		F3FF42B124165002006E091C /* FlightCoordinator.swift in Sources */ = {isa = PBXBuildFile; fileRef = F3FF42B024165002006E091C /* FlightCoordinator.swift */; };
		F3FF42B424165303006E091C /* BusCoordinator.swift in Sources */ = {isa = PBXBuildFile; fileRef = F3FF42B224165252006E091C /* BusCoordinator.swift */; };
		F3FF42B524165306006E091C /* BillCoordinator.swift in Sources */ = {isa = PBXBuildFile; fileRef = F3FF42B324165256006E091C /* BillCoordinator.swift */; };
		F3FF42B7241654E3006E091C /* FlightDetailVC.swift in Sources */ = {isa = PBXBuildFile; fileRef = F3FF42B6241654E3006E091C /* FlightDetailVC.swift */; };
		F3FF42B924165538006E091C /* FlightDetailViewModel.swift in Sources */ = {isa = PBXBuildFile; fileRef = F3FF42B824165538006E091C /* FlightDetailViewModel.swift */; };
/* End PBXBuildFile section */

/* Begin PBXFileReference section */
		F3A0AFBD24163F8700820395 /* Bill.storyboard */ = {isa = PBXFileReference; lastKnownFileType = file.storyboard; path = Bill.storyboard; sourceTree = "<group>"; };
		F3A0AFBF24163F9200820395 /* Bus.storyboard */ = {isa = PBXFileReference; lastKnownFileType = file.storyboard; path = Bus.storyboard; sourceTree = "<group>"; };
		F3A0AFC124163FA300820395 /* Flight.storyboard */ = {isa = PBXFileReference; lastKnownFileType = file.storyboard; path = Flight.storyboard; sourceTree = "<group>"; };
		F3A0AFD32416424700820395 /* AppCoordinator.swift */ = {isa = PBXFileReference; lastKnownFileType = sourcecode.swift; path = AppCoordinator.swift; sourceTree = "<group>"; };
		F3C15A6124137E060035AF70 /* Coordinators.app */ = {isa = PBXFileReference; explicitFileType = wrapper.application; includeInIndex = 0; path = Coordinators.app; sourceTree = BUILT_PRODUCTS_DIR; };
		F3C15A6424137E060035AF70 /* AppDelegate.swift */ = {isa = PBXFileReference; lastKnownFileType = sourcecode.swift; path = AppDelegate.swift; sourceTree = "<group>"; };
		F3C15A6824137E060035AF70 /* HomeVC.swift */ = {isa = PBXFileReference; lastKnownFileType = sourcecode.swift; path = HomeVC.swift; sourceTree = "<group>"; };
		F3C15A6B24137E060035AF70 /* Base */ = {isa = PBXFileReference; lastKnownFileType = file.storyboard; name = Base; path = Base.lproj/Home.storyboard; sourceTree = "<group>"; };
		F3C15A6D24137E080035AF70 /* Assets.xcassets */ = {isa = PBXFileReference; lastKnownFileType = folder.assetcatalog; path = Assets.xcassets; sourceTree = "<group>"; };
		F3C15A7024137E080035AF70 /* Base */ = {isa = PBXFileReference; lastKnownFileType = file.storyboard; name = Base; path = Base.lproj/LaunchScreen.storyboard; sourceTree = "<group>"; };
		F3C15A7224137E080035AF70 /* Info.plist */ = {isa = PBXFileReference; lastKnownFileType = text.plist.xml; path = Info.plist; sourceTree = "<group>"; };
		F3C15A78241380B10035AF70 /* Coordinator.swift */ = {isa = PBXFileReference; lastKnownFileType = sourcecode.swift; path = Coordinator.swift; sourceTree = "<group>"; };
		F3C15A7A241381330035AF70 /* ViewContollerLoadable.swift */ = {isa = PBXFileReference; lastKnownFileType = sourcecode.swift; path = ViewContollerLoadable.swift; sourceTree = "<group>"; };
		F3FF42A82416489C006E091C /* StoryboardNames.swift */ = {isa = PBXFileReference; lastKnownFileType = sourcecode.swift; path = StoryboardNames.swift; sourceTree = "<group>"; };
		F3FF42AA24164E17006E091C /* BillVC.swift */ = {isa = PBXFileReference; lastKnownFileType = sourcecode.swift; path = BillVC.swift; sourceTree = "<group>"; };
		F3FF42AC24164E2C006E091C /* BusVC.swift */ = {isa = PBXFileReference; lastKnownFileType = sourcecode.swift; path = BusVC.swift; sourceTree = "<group>"; };
		F3FF42AE24164E3E006E091C /* FlightVC.swift */ = {isa = PBXFileReference; lastKnownFileType = sourcecode.swift; path = FlightVC.swift; sourceTree = "<group>"; };
		F3FF42B024165002006E091C /* FlightCoordinator.swift */ = {isa = PBXFileReference; lastKnownFileType = sourcecode.swift; path = FlightCoordinator.swift; sourceTree = "<group>"; };
		F3FF42B224165252006E091C /* BusCoordinator.swift */ = {isa = PBXFileReference; lastKnownFileType = sourcecode.swift; path = BusCoordinator.swift; sourceTree = "<group>"; };
		F3FF42B324165256006E091C /* BillCoordinator.swift */ = {isa = PBXFileReference; lastKnownFileType = sourcecode.swift; path = BillCoordinator.swift; sourceTree = "<group>"; };
		F3FF42B6241654E3006E091C /* FlightDetailVC.swift */ = {isa = PBXFileReference; lastKnownFileType = sourcecode.swift; path = FlightDetailVC.swift; sourceTree = "<group>"; };
		F3FF42B824165538006E091C /* FlightDetailViewModel.swift */ = {isa = PBXFileReference; lastKnownFileType = sourcecode.swift; path = FlightDetailViewModel.swift; sourceTree = "<group>"; };
/* End PBXFileReference section */

/* Begin PBXFrameworksBuildPhase section */
		F3C15A5E24137E060035AF70 /* Frameworks */ = {
			isa = PBXFrameworksBuildPhase;
			buildActionMask = 2147483647;
			files = (
			);
			runOnlyForDeploymentPostprocessing = 0;
		};
/* End PBXFrameworksBuildPhase section */

/* Begin PBXGroup section */
		F3A0AFB524163EF300820395 /* FlightScene */ = {
			isa = PBXGroup;
			children = (
				F3A0AFCE241641B100820395 /* FlightCordinator */,
				F3A0AFCA2416418100820395 /* ViewModel */,
				F3A0AFC92416418100820395 /* Model */,
				F3A0AFCB2416418100820395 /* View */,
			);
			path = FlightScene;
			sourceTree = "<group>";
		};
		F3A0AFB624163EFC00820395 /* BusScene */ = {
			isa = PBXGroup;
			children = (
				F3A0AFCD241641A300820395 /* BusCoordinator */,
				F3A0AFC62416417E00820395 /* ViewModel */,
				F3A0AFC72416417E00820395 /* Model */,
				F3A0AFC82416417E00820395 /* View */,
			);
			path = BusScene;
			sourceTree = "<group>";
		};
		F3A0AFB724163F0400820395 /* BillScene */ = {
			isa = PBXGroup;
			children = (
				F3A0AFCC2416419600820395 /* BillCoordinator */,
				F3A0AFC52416417800820395 /* ViewModel */,
				F3A0AFC42416417400820395 /* Model */,
				F3A0AFC32416416F00820395 /* View */,
			);
			path = BillScene;
			sourceTree = "<group>";
		};
		F3A0AFB824163F0F00820395 /* HomeScene */ = {
			isa = PBXGroup;
			children = (
				F3A0AFD1241641C800820395 /* ViewModel */,
				F3A0AFD0241641C300820395 /* Model */,
				F3A0AFCF241641BE00820395 /* View */,
			);
			path = HomeScene;
			sourceTree = "<group>";
		};
		F3A0AFB924163F1B00820395 /* Support */ = {
			isa = PBXGroup;
			children = (
				F3C15A6424137E060035AF70 /* AppDelegate.swift */,
				F3C15A6F24137E080035AF70 /* LaunchScreen.storyboard */,
				F3C15A7224137E080035AF70 /* Info.plist */,
			);
			path = Support;
			sourceTree = "<group>";
		};
		F3A0AFBA24163F3200820395 /* Resources */ = {
			isa = PBXGroup;
			children = (
				F3C15A6D24137E080035AF70 /* Assets.xcassets */,
			);
			path = Resources;
			sourceTree = "<group>";
		};
		F3A0AFBB24163F4500820395 /* Maincordinator */ = {
			isa = PBXGroup;
			children = (
				F3A0AFD32416424700820395 /* AppCoordinator.swift */,
			);
			path = Maincordinator;
			sourceTree = "<group>";
		};
		F3A0AFBC24163F6600820395 /* Helpers */ = {
			isa = PBXGroup;
			children = (
				F3C15A78241380B10035AF70 /* Coordinator.swift */,
				F3C15A7A241381330035AF70 /* ViewContollerLoadable.swift */,
				F3FF42A82416489C006E091C /* StoryboardNames.swift */,
			);
			path = Helpers;
			sourceTree = "<group>";
		};
		F3A0AFC32416416F00820395 /* View */ = {
			isa = PBXGroup;
			children = (
				F3A0AFBD24163F8700820395 /* Bill.storyboard */,
				F3FF42AA24164E17006E091C /* BillVC.swift */,
			);
			path = View;
			sourceTree = "<group>";
		};
		F3A0AFC42416417400820395 /* Model */ = {
			isa = PBXGroup;
			children = (
			);
			path = Model;
			sourceTree = "<group>";
		};
		F3A0AFC52416417800820395 /* ViewModel */ = {
			isa = PBXGroup;
			children = (
			);
			path = ViewModel;
			sourceTree = "<group>";
		};
		F3A0AFC62416417E00820395 /* ViewModel */ = {
			isa = PBXGroup;
			children = (
			);
			path = ViewModel;
			sourceTree = "<group>";
		};
		F3A0AFC72416417E00820395 /* Model */ = {
			isa = PBXGroup;
			children = (
			);
			path = Model;
			sourceTree = "<group>";
		};
		F3A0AFC82416417E00820395 /* View */ = {
			isa = PBXGroup;
			children = (
				F3A0AFBF24163F9200820395 /* Bus.storyboard */,
				F3FF42AC24164E2C006E091C /* BusVC.swift */,
			);
			path = View;
			sourceTree = "<group>";
		};
		F3A0AFC92416418100820395 /* Model */ = {
			isa = PBXGroup;
			children = (
			);
			path = Model;
			sourceTree = "<group>";
		};
		F3A0AFCA2416418100820395 /* ViewModel */ = {
			isa = PBXGroup;
			children = (
				F3FF42B824165538006E091C /* FlightDetailViewModel.swift */,
			);
			path = ViewModel;
			sourceTree = "<group>";
		};
		F3A0AFCB2416418100820395 /* View */ = {
			isa = PBXGroup;
			children = (
				F3A0AFC124163FA300820395 /* Flight.storyboard */,
				F3FF42AE24164E3E006E091C /* FlightVC.swift */,
				F3FF42B6241654E3006E091C /* FlightDetailVC.swift */,
			);
			path = View;
			sourceTree = "<group>";
		};
		F3A0AFCC2416419600820395 /* BillCoordinator */ = {
			isa = PBXGroup;
			children = (
				F3FF42B324165256006E091C /* BillCoordinator.swift */,
			);
			path = BillCoordinator;
			sourceTree = "<group>";
		};
		F3A0AFCD241641A300820395 /* BusCoordinator */ = {
			isa = PBXGroup;
			children = (
				F3FF42B224165252006E091C /* BusCoordinator.swift */,
			);
			path = BusCoordinator;
			sourceTree = "<group>";
		};
		F3A0AFCE241641B100820395 /* FlightCordinator */ = {
			isa = PBXGroup;
			children = (
				F3FF42B024165002006E091C /* FlightCoordinator.swift */,
			);
			path = FlightCordinator;
			sourceTree = "<group>";
		};
		F3A0AFCF241641BE00820395 /* View */ = {
			isa = PBXGroup;
			children = (
				F3C15A6824137E060035AF70 /* HomeVC.swift */,
				F3C15A6A24137E060035AF70 /* Home.storyboard */,
			);
			path = View;
			sourceTree = "<group>";
		};
		F3A0AFD0241641C300820395 /* Model */ = {
			isa = PBXGroup;
			children = (
			);
			path = Model;
			sourceTree = "<group>";
		};
		F3A0AFD1241641C800820395 /* ViewModel */ = {
			isa = PBXGroup;
			children = (
			);
			path = ViewModel;
			sourceTree = "<group>";
		};
		F3A0AFD2241641E100820395 /* Scenes */ = {
			isa = PBXGroup;
			children = (
				F3A0AFB824163F0F00820395 /* HomeScene */,
				F3A0AFB524163EF300820395 /* FlightScene */,
				F3A0AFB624163EFC00820395 /* BusScene */,
				F3A0AFB724163F0400820395 /* BillScene */,
			);
			path = Scenes;
			sourceTree = "<group>";
		};
		F3C15A5824137E060035AF70 = {
			isa = PBXGroup;
			children = (
				F3C15A6324137E060035AF70 /* Coordinators */,
				F3C15A6224137E060035AF70 /* Products */,
			);
			sourceTree = "<group>";
		};
		F3C15A6224137E060035AF70 /* Products */ = {
			isa = PBXGroup;
			children = (
				F3C15A6124137E060035AF70 /* Coordinators.app */,
			);
			name = Products;
			sourceTree = "<group>";
		};
		F3C15A6324137E060035AF70 /* Coordinators */ = {
			isa = PBXGroup;
			children = (
				F3A0AFD2241641E100820395 /* Scenes */,
				F3A0AFBC24163F6600820395 /* Helpers */,
				F3A0AFBB24163F4500820395 /* Maincordinator */,
				F3A0AFBA24163F3200820395 /* Resources */,
				F3A0AFB924163F1B00820395 /* Support */,
			);
			path = Coordinators;
			sourceTree = "<group>";
		};
/* End PBXGroup section */

/* Begin PBXNativeTarget section */
		F3C15A6024137E060035AF70 /* Coordinators */ = {
			isa = PBXNativeTarget;
			buildConfigurationList = F3C15A7524137E080035AF70 /* Build configuration list for PBXNativeTarget "Coordinators" */;
			buildPhases = (
				F3C15A5D24137E060035AF70 /* Sources */,
				F3C15A5E24137E060035AF70 /* Frameworks */,
				F3C15A5F24137E060035AF70 /* Resources */,
			);
			buildRules = (
			);
			dependencies = (
			);
			name = Coordinators;
			productName = Coordinators;
			productReference = F3C15A6124137E060035AF70 /* Coordinators.app */;
			productType = "com.apple.product-type.application";
		};
/* End PBXNativeTarget section */

/* Begin PBXProject section */
		F3C15A5924137E060035AF70 /* Project object */ = {
			isa = PBXProject;
			attributes = {
				LastSwiftUpdateCheck = 1130;
				LastUpgradeCheck = 1130;
				ORGANIZATIONNAME = SetarehAvval;
				TargetAttributes = {
					F3C15A6024137E060035AF70 = {
						CreatedOnToolsVersion = 11.3.1;
					};
				};
			};
			buildConfigurationList = F3C15A5C24137E060035AF70 /* Build configuration list for PBXProject "Coordinators" */;
			compatibilityVersion = "Xcode 9.3";
			developmentRegion = en;
			hasScannedForEncodings = 0;
			knownRegions = (
				en,
				Base,
			);
			mainGroup = F3C15A5824137E060035AF70;
			productRefGroup = F3C15A6224137E060035AF70 /* Products */;
			projectDirPath = "";
			projectRoot = "";
			targets = (
				F3C15A6024137E060035AF70 /* Coordinators */,
			);
		};
/* End PBXProject section */

/* Begin PBXResourcesBuildPhase section */
		F3C15A5F24137E060035AF70 /* Resources */ = {
			isa = PBXResourcesBuildPhase;
			buildActionMask = 2147483647;
			files = (
				F3C15A7124137E080035AF70 /* LaunchScreen.storyboard in Resources */,
				F3A0AFBE24163F8700820395 /* Bill.storyboard in Resources */,
				F3A0AFC224163FA300820395 /* Flight.storyboard in Resources */,
				F3A0AFC024163F9200820395 /* Bus.storyboard in Resources */,
				F3C15A6E24137E080035AF70 /* Assets.xcassets in Resources */,
				F3C15A6C24137E060035AF70 /* Home.storyboard in Resources */,
			);
			runOnlyForDeploymentPostprocessing = 0;
		};
/* End PBXResourcesBuildPhase section */

/* Begin PBXSourcesBuildPhase section */
		F3C15A5D24137E060035AF70 /* Sources */ = {
			isa = PBXSourcesBuildPhase;
			buildActionMask = 2147483647;
			files = (
				F3C15A6924137E060035AF70 /* HomeVC.swift in Sources */,
				F3FF42AD24164E2C006E091C /* BusVC.swift in Sources */,
				F3FF42AB24164E17006E091C /* BillVC.swift in Sources */,
				F3FF42B524165306006E091C /* BillCoordinator.swift in Sources */,
				F3C15A6524137E060035AF70 /* AppDelegate.swift in Sources */,
				F3A0AFD42416424700820395 /* AppCoordinator.swift in Sources */,
				F3FF42A92416489C006E091C /* StoryboardNames.swift in Sources */,
				F3FF42B924165538006E091C /* FlightDetailViewModel.swift in Sources */,
				F3FF42B124165002006E091C /* FlightCoordinator.swift in Sources */,
				F3FF42B424165303006E091C /* BusCoordinator.swift in Sources */,
				F3C15A79241380B10035AF70 /* Coordinator.swift in Sources */,
				F3C15A7B241381330035AF70 /* ViewContollerLoadable.swift in Sources */,
				F3FF42B7241654E3006E091C /* FlightDetailVC.swift in Sources */,
				F3FF42AF24164E3E006E091C /* FlightVC.swift in Sources */,
			);
			runOnlyForDeploymentPostprocessing = 0;
		};
/* End PBXSourcesBuildPhase section */

/* Begin PBXVariantGroup section */
		F3C15A6A24137E060035AF70 /* Home.storyboard */ = {
			isa = PBXVariantGroup;
			children = (
				F3C15A6B24137E060035AF70 /* Base */,
			);
			name = Home.storyboard;
			sourceTree = "<group>";
		};
		F3C15A6F24137E080035AF70 /* LaunchScreen.storyboard */ = {
			isa = PBXVariantGroup;
			children = (
				F3C15A7024137E080035AF70 /* Base */,
			);
			name = LaunchScreen.storyboard;
			sourceTree = "<group>";
		};
/* End PBXVariantGroup section */

/* Begin XCBuildConfiguration section */
		F3C15A7324137E080035AF70 /* Debug */ = {
			isa = XCBuildConfiguration;
			buildSettings = {
				ALWAYS_SEARCH_USER_PATHS = NO;
				CLANG_ANALYZER_NONNULL = YES;
				CLANG_ANALYZER_NUMBER_OBJECT_CONVERSION = YES_AGGRESSIVE;
				CLANG_CXX_LANGUAGE_STANDARD = "gnu++14";
				CLANG_CXX_LIBRARY = "libc++";
				CLANG_ENABLE_MODULES = YES;
				CLANG_ENABLE_OBJC_ARC = YES;
				CLANG_ENABLE_OBJC_WEAK = YES;
				CLANG_WARN_BLOCK_CAPTURE_AUTORELEASING = YES;
				CLANG_WARN_BOOL_CONVERSION = YES;
				CLANG_WARN_COMMA = YES;
				CLANG_WARN_CONSTANT_CONVERSION = YES;
				CLANG_WARN_DEPRECATED_OBJC_IMPLEMENTATIONS = YES;
				CLANG_WARN_DIRECT_OBJC_ISA_USAGE = YES_ERROR;
				CLANG_WARN_DOCUMENTATION_COMMENTS = YES;
				CLANG_WARN_EMPTY_BODY = YES;
				CLANG_WARN_ENUM_CONVERSION = YES;
				CLANG_WARN_INFINITE_RECURSION = YES;
				CLANG_WARN_INT_CONVERSION = YES;
				CLANG_WARN_NON_LITERAL_NULL_CONVERSION = YES;
				CLANG_WARN_OBJC_IMPLICIT_RETAIN_SELF = YES;
				CLANG_WARN_OBJC_LITERAL_CONVERSION = YES;
				CLANG_WARN_OBJC_ROOT_CLASS = YES_ERROR;
				CLANG_WARN_RANGE_LOOP_ANALYSIS = YES;
				CLANG_WARN_STRICT_PROTOTYPES = YES;
				CLANG_WARN_SUSPICIOUS_MOVE = YES;
				CLANG_WARN_UNGUARDED_AVAILABILITY = YES_AGGRESSIVE;
				CLANG_WARN_UNREACHABLE_CODE = YES;
				CLANG_WARN__DUPLICATE_METHOD_MATCH = YES;
				COPY_PHASE_STRIP = NO;
				DEBUG_INFORMATION_FORMAT = dwarf;
				ENABLE_STRICT_OBJC_MSGSEND = YES;
				ENABLE_TESTABILITY = YES;
				GCC_C_LANGUAGE_STANDARD = gnu11;
				GCC_DYNAMIC_NO_PIC = NO;
				GCC_NO_COMMON_BLOCKS = YES;
				GCC_OPTIMIZATION_LEVEL = 0;
				GCC_PREPROCESSOR_DEFINITIONS = (
					"DEBUG=1",
					"$(inherited)",
				);
				GCC_WARN_64_TO_32_BIT_CONVERSION = YES;
				GCC_WARN_ABOUT_RETURN_TYPE = YES_ERROR;
				GCC_WARN_UNDECLARED_SELECTOR = YES;
				GCC_WARN_UNINITIALIZED_AUTOS = YES_AGGRESSIVE;
				GCC_WARN_UNUSED_FUNCTION = YES;
				GCC_WARN_UNUSED_VARIABLE = YES;
				IPHONEOS_DEPLOYMENT_TARGET = 13.2;
				MTL_ENABLE_DEBUG_INFO = INCLUDE_SOURCE;
				MTL_FAST_MATH = YES;
				ONLY_ACTIVE_ARCH = YES;
				SDKROOT = iphoneos;
				SWIFT_ACTIVE_COMPILATION_CONDITIONS = DEBUG;
				SWIFT_OPTIMIZATION_LEVEL = "-Onone";
			};
			name = Debug;
		};
		F3C15A7424137E080035AF70 /* Release */ = {
			isa = XCBuildConfiguration;
			buildSettings = {
				ALWAYS_SEARCH_USER_PATHS = NO;
				CLANG_ANALYZER_NONNULL = YES;
				CLANG_ANALYZER_NUMBER_OBJECT_CONVERSION = YES_AGGRESSIVE;
				CLANG_CXX_LANGUAGE_STANDARD = "gnu++14";
				CLANG_CXX_LIBRARY = "libc++";
				CLANG_ENABLE_MODULES = YES;
				CLANG_ENABLE_OBJC_ARC = YES;
				CLANG_ENABLE_OBJC_WEAK = YES;
				CLANG_WARN_BLOCK_CAPTURE_AUTORELEASING = YES;
				CLANG_WARN_BOOL_CONVERSION = YES;
				CLANG_WARN_COMMA = YES;
				CLANG_WARN_CONSTANT_CONVERSION = YES;
				CLANG_WARN_DEPRECATED_OBJC_IMPLEMENTATIONS = YES;
				CLANG_WARN_DIRECT_OBJC_ISA_USAGE = YES_ERROR;
				CLANG_WARN_DOCUMENTATION_COMMENTS = YES;
				CLANG_WARN_EMPTY_BODY = YES;
				CLANG_WARN_ENUM_CONVERSION = YES;
				CLANG_WARN_INFINITE_RECURSION = YES;
				CLANG_WARN_INT_CONVERSION = YES;
				CLANG_WARN_NON_LITERAL_NULL_CONVERSION = YES;
				CLANG_WARN_OBJC_IMPLICIT_RETAIN_SELF = YES;
				CLANG_WARN_OBJC_LITERAL_CONVERSION = YES;
				CLANG_WARN_OBJC_ROOT_CLASS = YES_ERROR;
				CLANG_WARN_RANGE_LOOP_ANALYSIS = YES;
				CLANG_WARN_STRICT_PROTOTYPES = YES;
				CLANG_WARN_SUSPICIOUS_MOVE = YES;
				CLANG_WARN_UNGUARDED_AVAILABILITY = YES_AGGRESSIVE;
				CLANG_WARN_UNREACHABLE_CODE = YES;
				CLANG_WARN__DUPLICATE_METHOD_MATCH = YES;
				COPY_PHASE_STRIP = NO;
				DEBUG_INFORMATION_FORMAT = "dwarf-with-dsym";
				ENABLE_NS_ASSERTIONS = NO;
				ENABLE_STRICT_OBJC_MSGSEND = YES;
				GCC_C_LANGUAGE_STANDARD = gnu11;
				GCC_NO_COMMON_BLOCKS = YES;
				GCC_WARN_64_TO_32_BIT_CONVERSION = YES;
				GCC_WARN_ABOUT_RETURN_TYPE = YES_ERROR;
				GCC_WARN_UNDECLARED_SELECTOR = YES;
				GCC_WARN_UNINITIALIZED_AUTOS = YES_AGGRESSIVE;
				GCC_WARN_UNUSED_FUNCTION = YES;
				GCC_WARN_UNUSED_VARIABLE = YES;
				IPHONEOS_DEPLOYMENT_TARGET = 13.2;
				MTL_ENABLE_DEBUG_INFO = NO;
				MTL_FAST_MATH = YES;
				SDKROOT = iphoneos;
				SWIFT_COMPILATION_MODE = wholemodule;
				SWIFT_OPTIMIZATION_LEVEL = "-O";
				VALIDATE_PRODUCT = YES;
			};
			name = Release;
		};
		F3C15A7624137E080035AF70 /* Debug */ = {
			isa = XCBuildConfiguration;
			buildSettings = {
				ASSETCATALOG_COMPILER_APPICON_NAME = AppIcon;
				CODE_SIGN_STYLE = Automatic;
				DEVELOPMENT_TEAM = L9H5P3R5C2;
				INFOPLIST_FILE = "$(SRCROOT)/Coordinators/Support/Info.plist";
				IPHONEOS_DEPLOYMENT_TARGET = 11.0;
				LD_RUNPATH_SEARCH_PATHS = (
					"$(inherited)",
					"@executable_path/Frameworks",
				);
				PRODUCT_BUNDLE_IDENTIFIER = setareh.Coordinators;
				PRODUCT_NAME = "$(TARGET_NAME)";
				SWIFT_VERSION = 5.0;
				TARGETED_DEVICE_FAMILY = "1,2";
			};
			name = Debug;
		};
		F3C15A7724137E080035AF70 /* Release */ = {
			isa = XCBuildConfiguration;
			buildSettings = {
				ASSETCATALOG_COMPILER_APPICON_NAME = AppIcon;
				CODE_SIGN_STYLE = Automatic;
				DEVELOPMENT_TEAM = L9H5P3R5C2;
				INFOPLIST_FILE = "$(SRCROOT)/Coordinators/Support/Info.plist";
				IPHONEOS_DEPLOYMENT_TARGET = 11.0;
				LD_RUNPATH_SEARCH_PATHS = (
					"$(inherited)",
					"@executable_path/Frameworks",
				);
				PRODUCT_BUNDLE_IDENTIFIER = setareh.Coordinators;
				PRODUCT_NAME = "$(TARGET_NAME)";
				SWIFT_VERSION = 5.0;
				TARGETED_DEVICE_FAMILY = "1,2";
			};
			name = Release;
		};
/* End XCBuildConfiguration section */

/* Begin XCConfigurationList section */
		F3C15A5C24137E060035AF70 /* Build configuration list for PBXProject "Coordinators" */ = {
			isa = XCConfigurationList;
			buildConfigurations = (
				F3C15A7324137E080035AF70 /* Debug */,
				F3C15A7424137E080035AF70 /* Release */,
			);
			defaultConfigurationIsVisible = 0;
			defaultConfigurationName = Release;
		};
		F3C15A7524137E080035AF70 /* Build configuration list for PBXNativeTarget "Coordinators" */ = {
			isa = XCConfigurationList;
			buildConfigurations = (
				F3C15A7624137E080035AF70 /* Debug */,
				F3C15A7724137E080035AF70 /* Release */,
			);
			defaultConfigurationIsVisible = 0;
			defaultConfigurationName = Release;
		};
/* End XCConfigurationList section */
	};
	rootObject = F3C15A5924137E060035AF70 /* Project object */;
}
